{
  "name": "@arshu/assembler",
  "version": "1.0.0",
  "lockfileVersion": 3,
  "requires": true,
  "packages": {
    "": {
      "name": "@arshu/assembler",
      "version": "1.0.0",
      "license": "MIT",
      "dependencies": {
        "@arshu/arshu": "file:C:/Polyglot/Arshu.Assembler/LocalPackages/arshu-arshu-1.0.0.tgz"
      },
      "devDependencies": {}
    },
    "node_modules/@arshu/arshu": {
      "version": "1.0.0",
      "resolved": "file:../../LocalPackages/arshu-arshu-1.0.0.tgz",
      "integrity": "sha512-PWOxLI4cGcg1KlHrQddlTykjg5OO3nJ3IGzti4pJO9k/JjGNWkCUlObvUGu4CxV1y1AUVzjq9m2kKha9IY9FLw==",
      "license": "MIT",
      "engines": {
        "node": ">=18.0.0"
      }
    }
  }
}
