{
  "name": "@arshu/assembler",
  "version": "1.0.0",
  "lockfileVersion": 3,
  "requires": true,
  "packages": {
    "": {
      "name": "@arshu/assembler",
      "version": "1.0.0",
      "license": "MIT",
      "dependencies": {
        "@arshu/common": "file:../../../LocalPackages/arshu-common-1.0.0.tgz"
      },
      "devDependencies": {}
    },
    "node_modules/@arshu/common": {
      "version": "1.0.0",
      "resolved": "file:../../../LocalPackages/arshu-common-1.0.0.tgz",
      "integrity": "sha512-ukdl8znwAS5OmphM8xg4vI2iZk5SwFijvlLn30k9stlSX1XbENvJGrSPmyy6wo+wnehQ94CWg8veKfsBxf8ELQ==",
      "license": "MIT",
      "engines": {
        "node": ">=18.0.0"
      }
    }
  }
}
