{
  "name": "assemblertest",
  "version": "1.0.0",
  "lockfileVersion": 3,
  "requires": true,
  "packages": {
    "": {
      "name": "assemblertest",
      "version": "1.0.0",
      "dependencies": {
        "assembler": "file:../Assembler"
      },
      "devDependencies": {}
    },
    "../Assembler": {
      "name": "assembler",
      "version": "1.0.0",
      "devDependencies": {}
    },
    "node_modules/assembler": {
      "resolved": "../Assembler",
      "link": true
    }
  }
}
